
Microsoft Visual Studio Solution File, Format Version 12.00
# Visual Studio 15
VisualStudioVersion = 15.0.27004.2006
MinimumVisualStudioVersion = 10.0.40219.1
Project("{FAE04EC0-301F-11D3-BF4B-00C04F79EFBC}") = "Ruleta", "Ruleta\Ruleta.csproj", "{88A3104D-2FAF-4606-A8D5-AFD09E08721F}"
EndProject
Global
	GlobalSection(SolutionConfigurationPlatforms) = preSolution
		Debug|Any CPU = Debug|Any CPU
		Release|Any CPU = Release|Any CPU
	EndGlobalSection
	GlobalSection(ProjectConfigurationPlatforms) = postSolution
		{88A3104D-2FAF-4606-A8D5-AFD09E08721F}.Debug|Any CPU.ActiveCfg = Debug|Any CPU
		{88A3104D-2FAF-4606-A8D5-AFD09E08721F}.Debug|Any CPU.Build.0 = Debug|Any CPU
		{88A3104D-2FAF-4606-A8D5-AFD09E08721F}.Release|Any CPU.ActiveCfg = Release|Any CPU
		{88A3104D-2FAF-4606-A8D5-AFD09E08721F}.Release|Any CPU.Build.0 = Release|Any CPU
	EndGlobalSection
	GlobalSection(SolutionProperties) = preSolution
		HideSolutionNode = FALSE
	EndGlobalSection
	GlobalSection(ExtensibilityGlobals) = postSolution
		SolutionGuid = {825561DF-4C3D-4C60-8466-0440D701A11F}
	EndGlobalSection
EndGlobal
